
Microsoft Visual Studio Solution File, Format Version 12.00
# Visual Studio 2012
Project("{FAE04EC0-301F-11D3-BF4B-00C04F79EFBC}") = "UnitTestingWebAPI.Entity", "UnitTestingWebAPI.Entity\UnitTestingWebAPI.Entity.csproj", "{5A3C8D44-FD42-4F25-80F1-9429BF91A032}"
EndProject
Project("{FAE04EC0-301F-11D3-BF4B-00C04F79EFBC}") = "UnitTestingWebAPI.Data", "UnitTestingWebAPI.Data\UnitTestingWebAPI.Data.csproj", "{B34F2C9F-03C7-45BE-88F6-84E8CEE8E1B2}"
EndProject
Project("{FAE04EC0-301F-11D3-BF4B-00C04F79EFBC}") = "UnitTestingWebAPI.Service", "UnitTestingWebAPI.Service\UnitTestingWebAPI.Service.csproj", "{3D054EA7-3181-4FEA-96B8-0FEAF65179DC}"
EndProject
Project("{FAE04EC0-301F-11D3-BF4B-00C04F79EFBC}") = "UnitTestingWebAPI.Core", "UnitTestingWebAPI.Core\UnitTestingWebAPI.Core.csproj", "{6B40D82B-8860-4E98-99F0-5D65835EAD56}"
EndProject
Project("{FAE04EC0-301F-11D3-BF4B-00C04F79EFBC}") = "UnitTestingWebAPI.Tests", "UnitTestingWebAPI.Tests\UnitTestingWebAPI.Tests.csproj", "{8DEB08B6-1282-45AA-BC3E-B3448E47AD2B}"
EndProject
Project("{FAE04EC0-301F-11D3-BF4B-00C04F79EFBC}") = "UnitTestingWebAPI.API", "UnitTestingWebAPI.API\UnitTestingWebAPI.API.csproj", "{66774BB0-1070-47C2-AFFA-E668D94A3014}"
EndProject
Global
	GlobalSection(SolutionConfigurationPlatforms) = preSolution
		Debug|Any CPU = Debug|Any CPU
		Release|Any CPU = Release|Any CPU
	EndGlobalSection
	GlobalSection(ProjectConfigurationPlatforms) = postSolution
		{5A3C8D44-FD42-4F25-80F1-9429BF91A032}.Debug|Any CPU.ActiveCfg = Debug|Any CPU
		{5A3C8D44-FD42-4F25-80F1-9429BF91A032}.Debug|Any CPU.Build.0 = Debug|Any CPU
		{5A3C8D44-FD42-4F25-80F1-9429BF91A032}.Release|Any CPU.ActiveCfg = Release|Any CPU
		{5A3C8D44-FD42-4F25-80F1-9429BF91A032}.Release|Any CPU.Build.0 = Release|Any CPU
		{B34F2C9F-03C7-45BE-88F6-84E8CEE8E1B2}.Debug|Any CPU.ActiveCfg = Debug|Any CPU
		{B34F2C9F-03C7-45BE-88F6-84E8CEE8E1B2}.Debug|Any CPU.Build.0 = Debug|Any CPU
		{B34F2C9F-03C7-45BE-88F6-84E8CEE8E1B2}.Release|Any CPU.ActiveCfg = Release|Any CPU
		{B34F2C9F-03C7-45BE-88F6-84E8CEE8E1B2}.Release|Any CPU.Build.0 = Release|Any CPU
		{3D054EA7-3181-4FEA-96B8-0FEAF65179DC}.Debug|Any CPU.ActiveCfg = Debug|Any CPU
		{3D054EA7-3181-4FEA-96B8-0FEAF65179DC}.Debug|Any CPU.Build.0 = Debug|Any CPU
		{3D054EA7-3181-4FEA-96B8-0FEAF65179DC}.Release|Any CPU.ActiveCfg = Release|Any CPU
		{3D054EA7-3181-4FEA-96B8-0FEAF65179DC}.Release|Any CPU.Build.0 = Release|Any CPU
		{6B40D82B-8860-4E98-99F0-5D65835EAD56}.Debug|Any CPU.ActiveCfg = Debug|Any CPU
		{6B40D82B-8860-4E98-99F0-5D65835EAD56}.Debug|Any CPU.Build.0 = Debug|Any CPU
		{6B40D82B-8860-4E98-99F0-5D65835EAD56}.Release|Any CPU.ActiveCfg = Release|Any CPU
		{6B40D82B-8860-4E98-99F0-5D65835EAD56}.Release|Any CPU.Build.0 = Release|Any CPU
		{8DEB08B6-1282-45AA-BC3E-B3448E47AD2B}.Debug|Any CPU.ActiveCfg = Debug|Any CPU
		{8DEB08B6-1282-45AA-BC3E-B3448E47AD2B}.Debug|Any CPU.Build.0 = Debug|Any CPU
		{8DEB08B6-1282-45AA-BC3E-B3448E47AD2B}.Release|Any CPU.ActiveCfg = Release|Any CPU
		{8DEB08B6-1282-45AA-BC3E-B3448E47AD2B}.Release|Any CPU.Build.0 = Release|Any CPU
		{66774BB0-1070-47C2-AFFA-E668D94A3014}.Debug|Any CPU.ActiveCfg = Debug|Any CPU
		{66774BB0-1070-47C2-AFFA-E668D94A3014}.Debug|Any CPU.Build.0 = Debug|Any CPU
		{66774BB0-1070-47C2-AFFA-E668D94A3014}.Release|Any CPU.ActiveCfg = Release|Any CPU
		{66774BB0-1070-47C2-AFFA-E668D94A3014}.Release|Any CPU.Build.0 = Release|Any CPU
	EndGlobalSection
	GlobalSection(SolutionProperties) = preSolution
		HideSolutionNode = FALSE
	EndGlobalSection
EndGlobal
